
Microsoft Visual Studio Solution File, Format Version 12.00
# Visual Studio Version 17
VisualStudioVersion = 17.11.35222.181
MinimumVisualStudioVersion = 10.0.40219.1
Project("{FAE04EC0-301F-11D3-BF4B-00C04F79EFBC}") = "SingletonDPLazyLoading", "SingletonDPLazyLoading\SingletonDPLazyLoading.csproj", "{453E4BA7-4E4A-4971-8962-9C8F2AFB2075}"
EndProject
Global
	GlobalSection(SolutionConfigurationPlatforms) = preSolution
		Debug|Any CPU = Debug|Any CPU
		Release|Any CPU = Release|Any CPU
	EndGlobalSection
	GlobalSection(ProjectConfigurationPlatforms) = postSolution
		{453E4BA7-4E4A-4971-8962-9C8F2AFB2075}.Debug|Any CPU.ActiveCfg = Debug|Any CPU
		{453E4BA7-4E4A-4971-8962-9C8F2AFB2075}.Debug|Any CPU.Build.0 = Debug|Any CPU
		{453E4BA7-4E4A-4971-8962-9C8F2AFB2075}.Release|Any CPU.ActiveCfg = Release|Any CPU
		{453E4BA7-4E4A-4971-8962-9C8F2AFB2075}.Release|Any CPU.Build.0 = Release|Any CPU
	EndGlobalSection
	GlobalSection(SolutionProperties) = preSolution
		HideSolutionNode = FALSE
	EndGlobalSection
	GlobalSection(ExtensibilityGlobals) = postSolution
		SolutionGuid = {4558CC84-215C-4AAA-ACA1-255A84ADD555}
	EndGlobalSection
EndGlobal
